
Microsoft Visual Studio Solution File, Format Version 12.00
# Visual Studio Version 17
VisualStudioVersion = 17.1.32407.343
MinimumVisualStudioVersion = 10.0.40219.1
Project("{888888A0-9F3D-457C-B088-3A5042F75D52}") = "SierpinskiTriangle", "SierpinskiTriangle\SierpinskiTriangle.pyproj", "{C06EDEDB-2493-427A-BB25-9E1DA5C09256}"
EndProject
Global
	GlobalSection(SolutionConfigurationPlatforms) = preSolution
		Debug|Any CPU = Debug|Any CPU
		Release|Any CPU = Release|Any CPU
	EndGlobalSection
	GlobalSection(ProjectConfigurationPlatforms) = postSolution
		{C06EDEDB-2493-427A-BB25-9E1DA5C09256}.Debug|Any CPU.ActiveCfg = Debug|Any CPU
		{C06EDEDB-2493-427A-BB25-9E1DA5C09256}.Release|Any CPU.ActiveCfg = Release|Any CPU
	EndGlobalSection
	GlobalSection(SolutionProperties) = preSolution
		HideSolutionNode = FALSE
	EndGlobalSection
	GlobalSection(ExtensibilityGlobals) = postSolution
		SolutionGuid = {A057FDB8-3353-4F9F-B3B1-4F5F9B007026}
	EndGlobalSection
EndGlobal
